{
  "name": "nostr-event",
  "version": "0.0.2",
  "lockfileVersion": 3,
  "requires": true,
  "packages": {
    "": {
      "name": "nostr-event",
      "version": "0.0.2",
      "license": "MIT",
      "dependencies": {
        "nc-event": "^0.0.15"
      }
    },
    "node_modules/nc-event": {
      "version": "0.0.15",
      "resolved": "https://registry.npmjs.org/nc-event/-/nc-event-0.0.15.tgz",
      "integrity": "sha512-JEgOmmAqjDzH2MutzuvPam02Dsjqm62KeRNRaMXAW5TujSILgZsf7ae1jaEwZtYqqwJVPCfS/ddREOXMc9cvFQ=="
    }
  }
}
